{
    "_meta": {
        "hash": {
            "sha256": "8b2cede2a0181e00faadf1c1ff6dae40e34783a5c1f7a5d8d642ee3497516b5a"
        },
        "pipfile-spec": 6,
        "requires": {
            "python_version": "3.12"
        },
        "sources": [
            {
                "name": "pypi",
                "url": "https://pypi.org/simple",
                "verify_ssl": true
            }
        ]
    },
    "default": {
        "annotated-types": {
            "hashes": [
                "sha256:1f02e8b43a8fbbc3f3e0d4f0f4bfc8131bcb4eebe8849b8e5c773f3a1c582a53",
                "sha256:aff07c09a53a08bc8cfccb9c85b05f1aa9a2a6f23728d790723543408344ce89"
            ],
            "markers": "python_version >= '3.8'",
            "version": "==0.7.0"
        },
        "anyio": {
            "hashes": [
                "sha256:137b4559cbb034c477165047febb6ff83f390fc3b20bf181c1fc0a728cb8beeb",
                "sha256:c7d2e9d63e31599eeb636c8c5c03a7e108d73b345f064f1c19fdc87b79036a9a"
            ],
            "markers": "python_version >= '3.9'",
            "version": "==4.6.0"
        },
        "asgiref": {
            "hashes": [
                "sha256:89b2ef2247e3b562a16eef663bc0e2e703ec6468e2fa8a5cd61cd449786d4f6e",
                "sha256:9e0ce3aa93a819ba5b45120216b23878cf6e8525eb3848653452b4192b92afed"
            ],
            "index": "pypi",
            "markers": "python_version >= '3.7'",
            "version": "==3.7.2"
        },
        "cachetools": {
            "hashes": [
                "sha256:95ef631eeaea14ba2e36f06437f36463aac3a096799e876ee55e5cdccb102590",
                "sha256:dce83f2d9b4e1f732a8cd44af8e8fab2dbe46201467fc98b3ef8f269092bf62b"
            ],
            "index": "pypi",
            "markers": "python_version >= '3.7'",
            "version": "==5.3.1"
        },
        "certifi": {
            "hashes": [
                "sha256:0f0d56dc5a6ad56fd4ba36484d6cc34451e1c6548c61daad8c320169f91eddc7",
                "sha256:c6c2e98f5c7869efca1f8916fed228dd91539f9f1b444c314c06eef02980c716"
            ],
            "index": "pypi",
            "markers": "python_version >= '3.6'",
            "version": "==2023.5.7"
        },
        "charset-normalizer": {
            "hashes": [
                "sha256:04afa6387e2b282cf78ff3dbce20f0cc071c12dc8f685bd40960cc68644cfea6",
                "sha256:04eefcee095f58eaabe6dc3cc2262f3bcd776d2c67005880894f447b3f2cb9c1",
                "sha256:0be65ccf618c1e7ac9b849c315cc2e8a8751d9cfdaa43027d4f6624bd587ab7e",
                "sha256:0c95f12b74681e9ae127728f7e5409cbbef9cd914d5896ef238cc779b8152373",
                "sha256:0ca564606d2caafb0abe6d1b5311c2649e8071eb241b2d64e75a0d0065107e62",
                "sha256:10c93628d7497c81686e8e5e557aafa78f230cd9e77dd0c40032ef90c18f2230",
                "sha256:11d117e6c63e8f495412d37e7dc2e2fff09c34b2d09dbe2bee3c6229577818be",
                "sha256:11d3bcb7be35e7b1bba2c23beedac81ee893ac9871d0ba79effc7fc01167db6c",
                "sha256:12a2b561af122e3d94cdb97fe6fb2bb2b82cef0cdca131646fdb940a1eda04f0",
                "sha256:12d1a39aa6b8c6f6248bb54550efcc1c38ce0d8096a146638fd4738e42284448",
                "sha256:1435ae15108b1cb6fffbcea2af3d468683b7afed0169ad718451f8db5d1aff6f",
                "sha256:1c60b9c202d00052183c9be85e5eaf18a4ada0a47d188a83c8f5c5b23252f649",
                "sha256:1e8fcdd8f672a1c4fc8d0bd3a2b576b152d2a349782d1eb0f6b8e52e9954731d",
                "sha256:20064ead0717cf9a73a6d1e779b23d149b53daf971169289ed2ed43a71e8d3b0",
                "sha256:21fa558996782fc226b529fdd2ed7866c2c6ec91cee82735c98a197fae39f706",
                "sha256:22908891a380d50738e1f978667536f6c6b526a2064156203d418f4856d6e86a",
                "sha256:3160a0fd9754aab7d47f95a6b63ab355388d890163eb03b2d2b87ab0a30cfa59",
                "sha256:322102cdf1ab682ecc7d9b1c5eed4ec59657a65e1c146a0da342b78f4112db23",
                "sha256:34e0a2f9c370eb95597aae63bf85eb5e96826d81e3dcf88b8886012906f509b5",
                "sha256:3573d376454d956553c356df45bb824262c397c6e26ce43e8203c4c540ee0acb",
                "sha256:3747443b6a904001473370d7810aa19c3a180ccd52a7157aacc264a5ac79265e",
                "sha256:38e812a197bf8e71a59fe55b757a84c1f946d0ac114acafaafaf21667a7e169e",
                "sha256:3a06f32c9634a8705f4ca9946d667609f52cf130d5548881401f1eb2c39b1e2c",
                "sha256:3a5fc78f9e3f501a1614a98f7c54d3969f3ad9bba8ba3d9b438c3bc5d047dd28",
                "sha256:3d9098b479e78c85080c98e1e35ff40b4a31d8953102bb0fd7d1b6f8a2111a3d",
                "sha256:3dc5b6a8ecfdc5748a7e429782598e4f17ef378e3e272eeb1340ea57c9109f41",
                "sha256:4155b51ae05ed47199dc5b2a4e62abccb274cee6b01da5b895099b61b1982974",
                "sha256:49919f8400b5e49e961f320c735388ee686a62327e773fa5b3ce6721f7e785ce",
                "sha256:53d0a3fa5f8af98a1e261de6a3943ca631c526635eb5817a87a59d9a57ebf48f",
                "sha256:5f008525e02908b20e04707a4f704cd286d94718f48bb33edddc7d7b584dddc1",
                "sha256:628c985afb2c7d27a4800bfb609e03985aaecb42f955049957814e0491d4006d",
                "sha256:65ed923f84a6844de5fd29726b888e58c62820e0769b76565480e1fdc3d062f8",
                "sha256:6734e606355834f13445b6adc38b53c0fd45f1a56a9ba06c2058f86893ae8017",
                "sha256:6baf0baf0d5d265fa7944feb9f7451cc316bfe30e8df1a61b1bb08577c554f31",
                "sha256:6f4f4668e1831850ebcc2fd0b1cd11721947b6dc7c00bf1c6bd3c929ae14f2c7",
                "sha256:6f5c2e7bc8a4bf7c426599765b1bd33217ec84023033672c1e9a8b35eaeaaaf8",
                "sha256:6f6c7a8a57e9405cad7485f4c9d3172ae486cfef1344b5ddd8e5239582d7355e",
                "sha256:7381c66e0561c5757ffe616af869b916c8b4e42b367ab29fedc98481d1e74e14",
                "sha256:73dc03a6a7e30b7edc5b01b601e53e7fc924b04e1835e8e407c12c037e81adbd",
                "sha256:74db0052d985cf37fa111828d0dd230776ac99c740e1a758ad99094be4f1803d",
                "sha256:75f2568b4189dda1c567339b48cba4ac7384accb9c2a7ed655cd86b04055c795",
                "sha256:78cacd03e79d009d95635e7d6ff12c21eb89b894c354bd2b2ed0b4763373693b",
                "sha256:80d1543d58bd3d6c271b66abf454d437a438dff01c3e62fdbcd68f2a11310d4b",
                "sha256:830d2948a5ec37c386d3170c483063798d7879037492540f10a475e3fd6f244b",
                "sha256:891cf9b48776b5c61c700b55a598621fdb7b1e301a550365571e9624f270c203",
                "sha256:8f25e17ab3039b05f762b0a55ae0b3632b2e073d9c8fc88e89aca31a6198e88f",
                "sha256:9a3267620866c9d17b959a84dd0bd2d45719b817245e49371ead79ed4f710d19",
                "sha256:a04f86f41a8916fe45ac5024ec477f41f886b3c435da2d4e3d2709b22ab02af1",
                "sha256:aaf53a6cebad0eae578f062c7d462155eada9c172bd8c4d250b8c1d8eb7f916a",
                "sha256:abc1185d79f47c0a7aaf7e2412a0eb2c03b724581139193d2d82b3ad8cbb00ac",
                "sha256:ac0aa6cd53ab9a31d397f8303f92c42f534693528fafbdb997c82bae6e477ad9",
                "sha256:ac3775e3311661d4adace3697a52ac0bab17edd166087d493b52d4f4f553f9f0",
                "sha256:b06f0d3bf045158d2fb8837c5785fe9ff9b8c93358be64461a1089f5da983137",
                "sha256:b116502087ce8a6b7a5f1814568ccbd0e9f6cfd99948aa59b0e241dc57cf739f",
                "sha256:b82fab78e0b1329e183a65260581de4375f619167478dddab510c6c6fb04d9b6",
                "sha256:bd7163182133c0c7701b25e604cf1611c0d87712e56e88e7ee5d72deab3e76b5",
                "sha256:c36bcbc0d5174a80d6cccf43a0ecaca44e81d25be4b7f90f0ed7bcfbb5a00909",
                "sha256:c3af8e0f07399d3176b179f2e2634c3ce9c1301379a6b8c9c9aeecd481da494f",
                "sha256:c84132a54c750fda57729d1e2599bb598f5fa0344085dbde5003ba429a4798c0",
                "sha256:cb7b2ab0188829593b9de646545175547a70d9a6e2b63bf2cd87a0a391599324",
                "sha256:cca4def576f47a09a943666b8f829606bcb17e2bc2d5911a46c8f8da45f56755",
                "sha256:cf6511efa4801b9b38dc5546d7547d5b5c6ef4b081c60b23e4d941d0eba9cbeb",
                "sha256:d16fd5252f883eb074ca55cb622bc0bee49b979ae4e8639fff6ca3ff44f9f854",
                "sha256:d2686f91611f9e17f4548dbf050e75b079bbc2a82be565832bc8ea9047b61c8c",
                "sha256:d7fc3fca01da18fbabe4625d64bb612b533533ed10045a2ac3dd194bfa656b60",
                "sha256:dd5653e67b149503c68c4018bf07e42eeed6b4e956b24c00ccdf93ac79cdff84",
                "sha256:de5695a6f1d8340b12a5d6d4484290ee74d61e467c39ff03b39e30df62cf83a0",
                "sha256:e0ac8959c929593fee38da1c2b64ee9778733cdf03c482c9ff1d508b6b593b2b",
                "sha256:e1b25e3ad6c909f398df8921780d6a3d120d8c09466720226fc621605b6f92b1",
                "sha256:e633940f28c1e913615fd624fcdd72fdba807bf53ea6925d6a588e84e1151531",
                "sha256:e89df2958e5159b811af9ff0f92614dabf4ff617c03a4c1c6ff53bf1c399e0e1",
                "sha256:ea9f9c6034ea2d93d9147818f17c2a0860d41b71c38b9ce4d55f21b6f9165a11",
                "sha256:f645caaf0008bacf349875a974220f1f1da349c5dbe7c4ec93048cdc785a3326",
                "sha256:f8303414c7b03f794347ad062c0516cee0e15f7a612abd0ce1e25caf6ceb47df",
                "sha256:fca62a8301b605b954ad2e9c3666f9d97f63872aa4efcae5492baca2056b74ab"
            ],
            "index": "pypi",
            "markers": "python_full_version >= '3.7.0'",
            "version": "==3.1.0"
        },
        "distro": {
            "hashes": [
                "sha256:2fa77c6fd8940f116ee1d6b94a2f90b13b5ea8d019b98bc8bafdcabcdd9bdbed",
                "sha256:7bffd925d65168f85027d8da9af6bddab658135b840670a223589bc0c8ef02b2"
            ],
            "markers": "python_version >= '3.6'",
            "version": "==1.9.0"
        },
        "django": {
            "hashes": [
                "sha256:066b6debb5ac335458d2a713ed995570536c8b59a580005acb0732378d5eb1ee",
                "sha256:7efa6b1f781a6119a10ac94b4794ded90db8accbe7802281cd26f8664ffed59c"
            ],
            "index": "pypi",
            "markers": "python_version >= '3.8'",
            "version": "==4.2.1"
        },
        "django-anymail": {
            "hashes": [
                "sha256:65789c1b0f42915aa0450a4f173f77572d4c552979b748ddd8125af41972ad30",
                "sha256:de8458d713d0f9776da9ed04dcd3a0161be23e9ecbcb49dcf149219700ecd274"
            ],
            "index": "pypi",
            "markers": "python_version >= '3.8'",
            "version": "==12.0"
        },
        "django-cors-headers": {
            "hashes": [
                "sha256:5c6e3b7fe870876a1efdfeb4f433782c3524078fa0dc9e0195f6706ce7a242f6",
                "sha256:92cf4633e22af67a230a1456cb1b7a02bb213d6536d2dcb2a4a24092ea9cebc2"
            ],
            "index": "pypi",
            "markers": "python_version >= '3.8'",
            "version": "==4.4.0"
        },
        "djangorestframework": {
            "hashes": [
                "sha256:579a333e6256b09489cbe0a067e66abe55c6595d8926be6b99423786334350c8",
                "sha256:eb63f58c9f218e1a7d064d17a70751f528ed4e1d35547fdade9aaf4cd103fd08"
            ],
            "index": "pypi",
            "markers": "python_version >= '3.6'",
            "version": "==3.14.0"
        },
        "google-api-core": {
            "hashes": [
                "sha256:4b9bb5d5a380a0befa0573b302651b8a9a89262c1730e37bf423cec511804c22",
                "sha256:ce222e27b0de0d7bc63eb043b956996d6dccab14cc3b690aaea91c9cc99dc16e"
            ],
            "index": "pypi",
            "markers": "python_version >= '3.7'",
            "version": "==2.11.0"
        },
        "google-api-python-client": {
            "hashes": [
                "sha256:29b52232b159be72a79890b6d9f703cf6d8ebbec0ef6371c5670c1abeca5a9f9",
                "sha256:bbea5869877c822d12d318943833d988497b3a18b9ca2386967118074db676f3"
            ],
            "index": "pypi",
            "markers": "python_version >= '3.7'",
            "version": "==2.87.0"
        },
        "google-auth": {
            "hashes": [
                "sha256:be617bfaf77774008e9d177573f782e109188c8a64ae6e744285df5cea3e7df6",
                "sha256:f39d528077ac540793dd3c22a8706178f157642a67d874db25c640b7fead277e"
            ],
            "index": "pypi",
            "markers": "python_version >= '3.6'",
            "version": "==2.19.0"
        },
        "google-auth-httplib2": {
            "hashes": [
                "sha256:31e49c36c6b5643b57e82617cb3e021e3e1d2df9da63af67252c02fa9c1f4a10",
                "sha256:a07c39fd632becacd3f07718dfd6021bf396978f03ad3ce4321d060015cc30ac"
            ],
            "index": "pypi",
            "version": "==0.1.0"
        },
        "google-auth-oauthlib": {
            "hashes": [
                "sha256:95880ca704928c300f48194d1770cf5b1462835b6e49db61445a520f793fd5fb",
                "sha256:e375064964820b47221a7e1b7ee1fd77051b6323c3f9e3e19785f78ab67ecfc5"
            ],
            "index": "pypi",
            "markers": "python_version >= '3.6'",
            "version": "==1.0.0"
        },
        "googleapis-common-protos": {
            "hashes": [
                "sha256:4168fcb568a826a52f23510412da405abd93f4d23ba544bb68d943b14ba3cb44",
                "sha256:b287dc48449d1d41af0c69f4ea26242b5ae4c3d7249a38b0984c86a4caffff1f"
            ],
            "index": "pypi",
            "markers": "python_version >= '3.7'",
            "version": "==1.59.0"
        },
        "h11": {
            "hashes": [
                "sha256:8f19fbbe99e72420ff35c00b27a34cb9937e902a8b810e2c88300c6f0a3b699d",
                "sha256:e3fe4ac4b851c468cc8363d500db52c2ead036020723024a109d37346efaa761"
            ],
            "markers": "python_version >= '3.7'",
            "version": "==0.14.0"
        },
        "httpcore": {
            "hashes": [
                "sha256:27b59625743b85577a8c0e10e55b50b5368a4f2cfe8cc7bcfa9cf00829c2682f",
                "sha256:73f6dbd6eb8c21bbf7ef8efad555481853f5f6acdeaff1edb0694289269ee17f"
            ],
            "markers": "python_version >= '3.8'",
            "version": "==1.0.6"
        },
        "httplib2": {
            "hashes": [
                "sha256:14ae0a53c1ba8f3d37e9e27cf37eabb0fb9980f435ba405d546948b009dd64dc",
                "sha256:d7a10bc5ef5ab08322488bde8c726eeee5c8618723fdb399597ec58f3d82df81"
            ],
            "index": "pypi",
            "markers": "python_version >= '2.7' and python_version not in '3.0, 3.1, 3.2, 3.3'",
            "version": "==0.22.0"
        },
        "httpx": {
            "hashes": [
                "sha256:7bb2708e112d8fdd7829cd4243970f0c223274051cb35ee80c03301ee29a3df0",
                "sha256:f7c2be1d2f3c3c3160d441802406b206c2b76f5947b11115e6df10c6c65e66c2"
            ],
            "markers": "python_version >= '3.8'",
            "version": "==0.27.2"
        },
        "idna": {
            "hashes": [
                "sha256:814f528e8dead7d329833b91c5faa87d60bf71824cd12a7530b5526063d02cb4",
                "sha256:90b77e79eaa3eba6de819a0c442c0b4ceefc341a7a2ab77d7562bf49f425c5c2"
            ],
            "index": "pypi",
            "markers": "python_version >= '3.5'",
            "version": "==3.4"
        },
        "jiter": {
            "hashes": [
                "sha256:03a025b52009f47e53ea619175d17e4ded7c035c6fbd44935cb3ada11e1fd592",
                "sha256:08be33db6dcc374c9cc19d3633af5e47961a7b10d4c61710bd39e48d52a35824",
                "sha256:0b809e39e342c346df454b29bfcc7bca3d957f5d7b60e33dae42b0e5ec13e027",
                "sha256:13f9084e3e871a7c0b6e710db54444088b1dd9fbefa54d449b630d5e73bb95d0",
                "sha256:15f8395e835cf561c85c1adee72d899abf2733d9df72e9798e6d667c9b5c1f30",
                "sha256:18aa9d1626b61c0734b973ed7088f8a3d690d0b7f5384a5270cd04f4d9f26c86",
                "sha256:1fad93654d5a7dcce0809aff66e883c98e2618b86656aeb2129db2cd6f26f867",
                "sha256:220e0963b4fb507c525c8f58cde3da6b1be0bfddb7ffd6798fb8f2531226cdb1",
                "sha256:25f0d2f6e01a8a0fb0eab6d0e469058dab2be46ff3139ed2d1543475b5a1d8e7",
                "sha256:26d2bdd5da097e624081c6b5d416d3ee73e5b13f1703bcdadbb1881f0caa1933",
                "sha256:31d8e00e1fb4c277df8ab6f31a671f509ebc791a80e5c61fdc6bc8696aaa297c",
                "sha256:3343d4706a2b7140e8bd49b6c8b0a82abf9194b3f0f5925a78fc69359f8fc33c",
                "sha256:33af2b7d2bf310fdfec2da0177eab2fedab8679d1538d5b86a633ebfbbac4edd",
                "sha256:352cd24121e80d3d053fab1cc9806258cad27c53cad99b7a3cac57cf934b12e4",
                "sha256:36c0b51a285b68311e207a76c385650322734c8717d16c2eb8af75c9d69506e7",
                "sha256:3c843e7c1633470708a3987e8ce617ee2979ee18542d6eb25ae92861af3f1d62",
                "sha256:3cbc1a66b4e41511209e97a2866898733c0110b7245791ac604117b7fb3fedb7",
                "sha256:3e36a320634f33a07794bb15b8da995dccb94f944d298c8cfe2bd99b1b8a574a",
                "sha256:40b03b75f903975f68199fc4ec73d546150919cb7e534f3b51e727c4d6ccca5a",
                "sha256:47fee1be677b25d0ef79d687e238dc6ac91a8e553e1a68d0839f38c69e0ee491",
                "sha256:4e6e340e8cd92edab7f6a3a904dbbc8137e7f4b347c49a27da9814015cc0420c",
                "sha256:51b58f7a0d9e084a43b28b23da2b09fc5e8df6aa2b6a27de43f991293cab85fd",
                "sha256:540fcb224d7dc1bcf82f90f2ffb652df96f2851c031adca3c8741cb91877143b",
                "sha256:59e2b37f3b9401fc9e619f4d4badcab2e8643a721838bcf695c2318a0475ae42",
                "sha256:5a99d4e0b5fc3b05ea732d67eb2092fe894e95a90e6e413f2ea91387e228a307",
                "sha256:5f79ce15099154c90ef900d69c6b4c686b64dfe23b0114e0971f2fecd306ec6c",
                "sha256:67723a011964971864e0b484b0ecfee6a14de1533cff7ffd71189e92103b38a8",
                "sha256:677be9550004f5e010d673d3b2a2b815a8ea07a71484a57d3f85dde7f14cf132",
                "sha256:691352e5653af84ed71763c3c427cff05e4d658c508172e01e9c956dfe004aba",
                "sha256:77c296d65003cd7ee5d7b0965f6acbe6cffaf9d1fa420ea751f60ef24e85fed5",
                "sha256:7a3567c8228afa5ddcce950631c6b17397ed178003dc9ee7e567c4c4dcae9fa0",
                "sha256:7cea41c4c673353799906d940eee8f2d8fd1d9561d734aa921ae0f75cb9732f4",
                "sha256:7d72fc86474862c9c6d1f87b921b70c362f2b7e8b2e3c798bb7d58e419a6bc0f",
                "sha256:81116a6c272a11347b199f0e16b6bd63f4c9d9b52bc108991397dd80d3c78aba",
                "sha256:82521000d18c71e41c96960cb36e915a357bc83d63a8bed63154b89d95d05ad1",
                "sha256:825651a3f04cf92a661d22cad61fc913400e33aa89b3e3ad9a6aa9dc8a1f5a71",
                "sha256:852508a54fe3228432e56019da8b69208ea622a3069458252f725d634e955b31",
                "sha256:883d2ced7c21bf06874fdeecab15014c1c6d82216765ca6deef08e335fa719e0",
                "sha256:8c97e90fec2da1d5f68ef121444c2c4fa72eabf3240829ad95cf6bbeca42a301",
                "sha256:91e63273563401aadc6c52cca64a7921c50b29372441adc104127b910e98a5b6",
                "sha256:928bf25eb69ddb292ab8177fe69d3fbf76c7feab5fce1c09265a7dccf25d3991",
                "sha256:9df588e9c830b72d8db1dd7d0175af6706b0904f682ea9b1ca8b46028e54d6e9",
                "sha256:a2e861658c3fe849efc39b06ebb98d042e4a4c51a8d7d1c3ddc3b1ea091d0784",
                "sha256:a311df1fa6be0ccd64c12abcd85458383d96e542531bafbfc0a16ff6feda588f",
                "sha256:a31c6fcbe7d6c25d6f1cc6bb1cba576251d32795d09c09961174fe461a1fb5bd",
                "sha256:aa25c7a9bf7875a141182b9c95aed487add635da01942ef7ca726e42a0c09058",
                "sha256:adef59d5e2394ebbad13b7ed5e0306cceb1df92e2de688824232a91588e77aa7",
                "sha256:aeeb0c0325ef96c12a48ea7e23e2e86fe4838e6e0a995f464cf4c79fa791ceeb",
                "sha256:b03c24e7da7e75b170c7b2b172d9c5e463aa4b5c95696a368d52c295b3f6847f",
                "sha256:b2019d966e98f7c6df24b3b8363998575f47d26471bfb14aade37630fae836a1",
                "sha256:b3e02f7a27f2bcc15b7d455c9df05df8ffffcc596a2a541eeda9a3110326e7a3",
                "sha256:bae5ae4853cb9644144e9d0755854ce5108d470d31541d83f70ca7ecdc2d1637",
                "sha256:bd95375ce3609ec079a97c5d165afdd25693302c071ca60c7ae1cf826eb32022",
                "sha256:be7503dd6f4bf02c2a9bacb5cc9335bc59132e7eee9d3e931b13d76fd80d7fda",
                "sha256:c74a8d93718137c021d9295248a87c2f9fdc0dcafead12d2930bc459ad40f885",
                "sha256:cc56c8f0b2a28ad4d8047f3ae62d25d0e9ae01b99940ec0283263a04724de1f3",
                "sha256:d08510593cb57296851080018006dfc394070178d238b767b1879dc1013b106c",
                "sha256:d465db62d2d10b489b7e7a33027c4ae3a64374425d757e963f86df5b5f2e7fc5",
                "sha256:d71c962f0971347bd552940ab96aa42ceefcd51b88c4ced8a27398182efa8d80",
                "sha256:db459ed22d0208940d87f614e1f0ea5a946d29a3cfef71f7e1aab59b6c6b2afb",
                "sha256:defee3949313c1f5b55e18be45089970cdb936eb2a0063f5020c4185db1b63c9",
                "sha256:e19cd21221fc139fb032e4112986656cb2739e9fe6d84c13956ab30ccc7d4449",
                "sha256:e4e85f9e12cd8418ab10e1fcf0e335ae5bb3da26c4d13a0fd9e6a17a674783b6",
                "sha256:e51a2d80d5fe0ffb10ed2c82b6004458be4a3f2b9c7d09ed85baa2fbf033f54b",
                "sha256:e5c0507131c922defe3f04c527d6838932fcdfd69facebafd7d3574fa3395314",
                "sha256:e7b75436d4fa2032b2530ad989e4cb0ca74c655975e3ff49f91a1a3d7f4e1df2",
                "sha256:e8bd065be46c2eecc328e419d6557bbc37844c88bb07b7a8d2d6c91c7c4dedc9",
                "sha256:e90552109ca8ccd07f47ca99c8a1509ced93920d271bb81780a973279974c5ab",
                "sha256:e9ac7c2f092f231f5620bef23ce2e530bd218fc046098747cc390b21b8738a7a",
                "sha256:ed69a7971d67b08f152c17c638f0e8c2aa207e9dd3a5fcd3cba294d39b5a8d2d",
                "sha256:f1c53615fcfec3b11527c08d19cff6bc870da567ce4e57676c059a3102d3a082",
                "sha256:f491cc69ff44e5a1e8bc6bf2b94c1f98d179e1aaf4a554493c171a5b2316b701",
                "sha256:f791b6a4da23238c17a81f44f5b55d08a420c5692c1fda84e301a4b036744eb1"
            ],
            "markers": "python_version >= '3.8'",
            "version": "==0.6.1"
        },
        "oauthlib": {
            "hashes": [
                "sha256:8139f29aac13e25d502680e9e19963e83f16838d48a0d71c287fe40e7067fbca",
                "sha256:9859c40929662bec5d64f34d01c99e093149682a3f38915dc0655d5a633dd918"
            ],
            "index": "pypi",
            "markers": "python_version >= '3.6'",
            "version": "==3.2.2"
        },
        "openai": {
            "hashes": [
                "sha256:5c5954711cba931423e471c37ff22ae0fd3892be9b083eee36459865fbbb83fa",
                "sha256:c6a51fac62a1ca9df85a522e462918f6bb6bc51a8897032217e453a0730123a6"
            ],
            "index": "pypi",
            "markers": "python_full_version >= '3.7.1'",
            "version": "==1.51.2"
        },
        "protobuf": {
            "hashes": [
                "sha256:09310bce43353b46d73ba7e3bca78273b9bc50349509b9698e64d288c6372c2a",
                "sha256:20874e7ca4436f683b64ebdbee2129a5a2c301579a67d1a7dda2cdf62fb7f5f7",
                "sha256:25e3370eda26469b58b602e29dff069cfaae8eaa0ef4550039cc5ef8dc004511",
                "sha256:281342ea5eb631c86697e1e048cb7e73b8a4e85f3299a128c116f05f5c668f8f",
                "sha256:384dd44cb4c43f2ccddd3645389a23ae61aeb8cfa15ca3a0f60e7c3ea09b28b3",
                "sha256:54a533b971288af3b9926e53850c7eb186886c0c84e61daa8444385a4720297f",
                "sha256:6c081863c379bb1741be8f8193e893511312b1d7329b4a75445d1ea9955be69e",
                "sha256:86df87016d290143c7ce3be3ad52d055714ebaebb57cc659c387e76cfacd81aa",
                "sha256:8da6070310d634c99c0db7df48f10da495cc283fd9e9234877f0cd182d43ab7f",
                "sha256:b2cfab63a230b39ae603834718db74ac11e52bccaaf19bf20f5cce1a84cf76df",
                "sha256:c52cfcbfba8eb791255edd675c1fe6056f723bf832fa67f0442218f8817c076e",
                "sha256:ce744938406de1e64b91410f473736e815f28c3b71201302612a68bf01517fea",
                "sha256:efabbbbac1ab519a514579ba9ec52f006c28ae19d97915951f69fa70da2c9e91"
            ],
            "index": "pypi",
            "markers": "python_version >= '3.7'",
            "version": "==4.23.2"
        },
        "pyasn1": {
            "hashes": [
                "sha256:87a2121042a1ac9358cabcaf1d07680ff97ee6404333bacca15f76aa8ad01a57",
                "sha256:97b7290ca68e62a832558ec3976f15cbf911bf5d7c7039d8b861c2a0ece69fde"
            ],
            "index": "pypi",
            "markers": "python_version >= '2.7' and python_version not in '3.0, 3.1, 3.2, 3.3, 3.4, 3.5'",
            "version": "==0.5.0"
        },
        "pyasn1-modules": {
            "hashes": [
                "sha256:5bd01446b736eb9d31512a30d46c1ac3395d676c6f3cafa4c03eb54b9925631c",
                "sha256:d3ccd6ed470d9ffbc716be08bd90efbd44d0734bc9303818f7336070984a162d"
            ],
            "index": "pypi",
            "markers": "python_version >= '2.7' and python_version not in '3.0, 3.1, 3.2, 3.3, 3.4, 3.5'",
            "version": "==0.3.0"
        },
        "pydantic": {
            "hashes": [
                "sha256:d155cef71265d1e9807ed1c32b4c8deec042a44a50a4188b25ac67ecd81a9c0f",
                "sha256:f048cec7b26778210e28a0459867920654d48e5e62db0958433636cde4254f12"
            ],
            "markers": "python_version >= '3.8'",
            "version": "==2.9.2"
        },
        "pydantic-core": {
            "hashes": [
                "sha256:0a7df63886be5e270da67e0966cf4afbae86069501d35c8c1b3b6c168f42cb36",
                "sha256:0cb3da3fd1b6a5d0279a01877713dbda118a2a4fc6f0d821a57da2e464793f05",
                "sha256:0dbd8dbed2085ed23b5c04afa29d8fd2771674223135dc9bc937f3c09284d071",
                "sha256:0dff76e0602ca7d4cdaacc1ac4c005e0ce0dcfe095d5b5259163a80d3a10d327",
                "sha256:1278e0d324f6908e872730c9102b0112477a7f7cf88b308e4fc36ce1bdb6d58c",
                "sha256:128585782e5bfa515c590ccee4b727fb76925dd04a98864182b22e89a4e6ed36",
                "sha256:1498bec4c05c9c787bde9125cfdcc63a41004ff167f495063191b863399b1a29",
                "sha256:19442362866a753485ba5e4be408964644dd6a09123d9416c54cd49171f50744",
                "sha256:1b84d168f6c48fabd1f2027a3d1bdfe62f92cade1fb273a5d68e621da0e44e6d",
                "sha256:1e90d2e3bd2c3863d48525d297cd143fe541be8bbf6f579504b9712cb6b643ec",
                "sha256:20152074317d9bed6b7a95ade3b7d6054845d70584216160860425f4fbd5ee9e",
                "sha256:216f9b2d7713eb98cb83c80b9c794de1f6b7e3145eef40400c62e86cee5f4e1e",
                "sha256:233710f069d251feb12a56da21e14cca67994eab08362207785cf8c598e74577",
                "sha256:255a8ef062cbf6674450e668482456abac99a5583bbafb73f9ad469540a3a232",
                "sha256:2584f7cf844ac4d970fba483a717dbe10c1c1c96a969bf65d61ffe94df1b2863",
                "sha256:2971bb5ffe72cc0f555c13e19b23c85b654dd2a8f7ab493c262071377bfce9f6",
                "sha256:29d2c342c4bc01b88402d60189f3df065fb0dda3654744d5a165a5288a657368",
                "sha256:2e203fdf807ac7e12ab59ca2bfcabb38c7cf0b33c41efeb00f8e5da1d86af480",
                "sha256:33e3d65a85a2a4a0dc3b092b938a4062b1a05f3a9abde65ea93b233bca0e03f2",
                "sha256:374a5e5049eda9e0a44c696c7ade3ff355f06b1fe0bb945ea3cac2bc336478a2",
                "sha256:37b0fe330e4a58d3c58b24d91d1eb102aeec675a3db4c292ec3928ecd892a9a6",
                "sha256:3d5639516376dce1940ea36edf408c554475369f5da2abd45d44621cb616f769",
                "sha256:42c6dcb030aefb668a2b7009c85b27f90e51e6a3b4d5c9bc4c57631292015b0d",
                "sha256:4a7cd62e831afe623fbb7aabbb4fe583212115b3ef38a9f6b71869ba644624a2",
                "sha256:4ba762ed58e8d68657fc1281e9bb72e1c3e79cc5d464be146e260c541ec12d84",
                "sha256:4fc714bdbfb534f94034efaa6eadd74e5b93c8fa6315565a222f7b6f42ca1166",
                "sha256:4ffa2ebd4c8530079140dd2d7f794a9d9a73cbb8e9d59ffe24c63436efa8f271",
                "sha256:5a1504ad17ba4210df3a045132a7baeeba5a200e930f57512ee02909fc5c4cb5",
                "sha256:5c364564d17da23db1106787675fc7af45f2f7b58b4173bfdd105564e132e6fb",
                "sha256:5e11661ce0fd30a6790e8bcdf263b9ec5988e95e63cf901972107efc49218b13",
                "sha256:5f54b118ce5de9ac21c363d9b3caa6c800341e8c47a508787e5868c6b79c9323",
                "sha256:5f5ff8d839f4566a474a969508fe1c5e59c31c80d9e140566f9a37bba7b8d556",
                "sha256:61817945f2fe7d166e75fbfb28004034b48e44878177fc54d81688e7b85a3665",
                "sha256:624e278a7d29b6445e4e813af92af37820fafb6dcc55c012c834f9e26f9aaaef",
                "sha256:63e46b3169866bd62849936de036f901a9356e36376079b05efa83caeaa02ceb",
                "sha256:6531b7ca5f951d663c339002e91aaebda765ec7d61b7d1e3991051906ddde119",
                "sha256:68665f4c17edcceecc112dfed5dbe6f92261fb9d6054b47d01bf6371a6196126",
                "sha256:696dd8d674d6ce621ab9d45b205df149399e4bb9aa34102c970b721554828510",
                "sha256:6f783e0ec4803c787bcea93e13e9932edab72068f68ecffdf86a99fd5918878b",
                "sha256:723314c1d51722ab28bfcd5240d858512ffd3116449c557a1336cbe3919beb87",
                "sha256:74b9127ffea03643e998e0c5ad9bd3811d3dac8c676e47db17b0ee7c3c3bf35f",
                "sha256:7530e201d10d7d14abce4fb54cfe5b94a0aefc87da539d0346a484ead376c3cc",
                "sha256:77733e3892bb0a7fa797826361ce8a9184d25c8dffaec60b7ffe928153680ba8",
                "sha256:78ddaaa81421a29574a682b3179d4cf9e6d405a09b99d93ddcf7e5239c742e21",
                "sha256:7c9129eb40958b3d4500fa2467e6a83356b3b61bfff1b414c7361d9220f9ae8f",
                "sha256:7d32706badfe136888bdea71c0def994644e09fff0bfe47441deaed8e96fdbc6",
                "sha256:81965a16b675b35e1d09dd14df53f190f9129c0202356ed44ab2728b1c905658",
                "sha256:8394d940e5d400d04cad4f75c0598665cbb81aecefaca82ca85bd28264af7f9b",
                "sha256:86d2f57d3e1379a9525c5ab067b27dbb8a0642fb5d454e17a9ac434f9ce523e3",
                "sha256:883a91b5dd7d26492ff2f04f40fbb652de40fcc0afe07e8129e8ae779c2110eb",
                "sha256:88ad334a15b32a791ea935af224b9de1bf99bcd62fabf745d5f3442199d86d59",
                "sha256:9261d3ce84fa1d38ed649c3638feefeae23d32ba9182963e465d58d62203bd24",
                "sha256:97df63000f4fea395b2824da80e169731088656d1818a11b95f3b173747b6cd9",
                "sha256:98d134c954828488b153d88ba1f34e14259284f256180ce659e8d83e9c05eaa3",
                "sha256:996a38a83508c54c78a5f41456b0103c30508fed9abcad0a59b876d7398f25fd",
                "sha256:9a5bce9d23aac8f0cf0836ecfc033896aa8443b501c58d0602dbfd5bd5b37753",
                "sha256:9a6b5099eeec78827553827f4c6b8615978bb4b6a88e5d9b93eddf8bb6790f55",
                "sha256:9d18368b137c6295db49ce7218b1a9ba15c5bc254c96d7c9f9e924a9bc7825ad",
                "sha256:a4fa4fc04dff799089689f4fd502ce7d59de529fc2f40a2c8836886c03e0175a",
                "sha256:a5c7ba8ffb6d6f8f2ab08743be203654bb1aaa8c9dcb09f82ddd34eadb695605",
                "sha256:aea443fffa9fbe3af1a9ba721a87f926fe548d32cab71d188a6ede77d0ff244e",
                "sha256:b10bd51f823d891193d4717448fab065733958bdb6a6b351967bd349d48d5c9b",
                "sha256:ba1a0996f6c2773bd83e63f18914c1de3c9dd26d55f4ac302a7efe93fb8e7433",
                "sha256:bb2802e667b7051a1bebbfe93684841cc9351004e2badbd6411bf357ab8d5ac8",
                "sha256:cfdd16ab5e59fc31b5e906d1a3f666571abc367598e3e02c83403acabc092e07",
                "sha256:d06b0c8da4f16d1d1e352134427cb194a0a6e19ad5db9161bf32b2113409e728",
                "sha256:d0776dea117cf5272382634bd2a5c1b6eb16767c223c6a5317cd3e2a757c61a0",
                "sha256:d18ca8148bebe1b0a382a27a8ee60350091a6ddaf475fa05ef50dc35b5df6327",
                "sha256:d4488a93b071c04dc20f5cecc3631fc78b9789dd72483ba15d423b5b3689b555",
                "sha256:d5f7a395a8cf1621939692dba2a6b6a830efa6b3cee787d82c7de1ad2930de64",
                "sha256:d7a80d21d613eec45e3d41eb22f8f94ddc758a6c4720842dc74c0581f54993d6",
                "sha256:d97683ddee4723ae8c95d1eddac7c192e8c552da0c73a925a89fa8649bf13eea",
                "sha256:dcedcd19a557e182628afa1d553c3895a9f825b936415d0dbd3cd0bbcfd29b4b",
                "sha256:de6d1d1b9e5101508cb37ab0d972357cac5235f5c6533d1071964c47139257df",
                "sha256:df49e7a0861a8c36d089c1ed57d308623d60416dab2647a4a17fe050ba85de0e",
                "sha256:df933278128ea1cd77772673c73954e53a1c95a4fdf41eef97c2b779271bd0bd",
                "sha256:e08277a400de01bc72436a0ccd02bdf596631411f592ad985dcee21445bd0068",
                "sha256:e38e63e6f3d1cec5a27e0afe90a085af8b6806ee208b33030e65b6516353f1a3",
                "sha256:e55541f756f9b3ee346b840103f32779c695a19826a4c442b7954550a0972040",
                "sha256:ec4e55f79b1c4ffb2eecd8a0cfba9955a2588497d96851f4c8f99aa4a1d39b12",
                "sha256:ed1a53de42fbe34853ba90513cea21673481cd81ed1be739f7f2efb931b24916",
                "sha256:ed541d70698978a20eb63d8c5d72f2cc6d7079d9d90f6b50bad07826f1320f5f",
                "sha256:f09e2ff1f17c2b51f2bc76d1cc33da96298f0a036a137f5440ab3ec5360b624f",
                "sha256:f220b0eea5965dec25480b6333c788fb72ce5f9129e8759ef876a1d805d00801",
                "sha256:f3e0da4ebaef65158d4dfd7d3678aad692f7666877df0002b8a522cdf088f231",
                "sha256:f455ee30a9d61d3e1a15abd5068827773d6e4dc513e795f380cdd59932c782d5",
                "sha256:f5ef8f42bec47f21d07668a043f077d507e5bf4e668d5c6dfe6aaba89de1a5b8",
                "sha256:f69a8e0b033b747bb3e36a44e7732f0c99f7edd5cea723d45bc0d6e95377ffee",
                "sha256:ff02b6d461a6de369f07ec15e465a88895f3223eb75073ffea56b84d9331f607"
            ],
            "markers": "python_version >= '3.8'",
            "version": "==2.23.4"
        },
        "pyparsing": {
            "hashes": [
                "sha256:2b020ecf7d21b687f219b71ecad3631f644a47f01403fa1d1036b0c6416d70fb",
                "sha256:5026bae9a10eeaefb61dab2f09052b9f4307d44aee4eda64b309723d8d206bbc"
            ],
            "index": "pypi",
            "markers": "python_full_version >= '3.6.8'",
            "version": "==3.0.9"
        },
        "python-dotenv": {
            "hashes": [
                "sha256:a8df96034aae6d2d50a4ebe8216326c61c3eb64836776504fcca410e5937a3ba",
                "sha256:f5971a9226b701070a4bf2c38c89e5a3f0d64de8debda981d1db98583009122a"
            ],
            "index": "pypi",
            "markers": "python_version >= '3.8'",
            "version": "==1.0.0"
        },
        "pytz": {
            "hashes": [
                "sha256:1d8ce29db189191fb55338ee6d0387d82ab59f3d00eac103412d64e0ebd0c588",
                "sha256:a151b3abb88eda1d4e34a9814df37de2a80e301e68ba0fd856fb9b46bfbbbffb"
            ],
            "index": "pypi",
            "version": "==2023.3"
        },
        "requests": {
            "hashes": [
                "sha256:58cd2187c01e70e6e26505bca751777aa9f2ee0b7f4300988b709f44e013003f",
                "sha256:942c5a758f98d790eaed1a29cb6eefc7ffb0d1cf7af05c3d2791656dbd6ad1e1"
            ],
            "index": "pypi",
            "markers": "python_version >= '3.7'",
            "version": "==2.31.0"
        },
        "requests-oauthlib": {
            "hashes": [
                "sha256:2577c501a2fb8d05a304c09d090d6e47c306fef15809d102b327cf8364bddab5",
                "sha256:75beac4a47881eeb94d5ea5d6ad31ef88856affe2332b9aafb52c6452ccf0d7a"
            ],
            "index": "pypi",
            "markers": "python_version >= '2.7' and python_version not in '3.0, 3.1, 3.2, 3.3'",
            "version": "==1.3.1"
        },
        "rsa": {
            "hashes": [
                "sha256:90260d9058e514786967344d0ef75fa8727eed8a7d2e43ce9f4bcf1b536174f7",
                "sha256:e38464a49c6c85d7f1351b0126661487a7e0a14a50f1675ec50eb34d4f20ef21"
            ],
            "index": "pypi",
            "markers": "python_version >= '3.6' and python_version < '4'",
            "version": "==4.9"
        },
        "six": {
            "hashes": [
                "sha256:1e61c37477a1626458e36f7b1d82aa5c9b094fa4802892072e49de9c60c4c926",
                "sha256:8abb2f1d86890a2dfb989f9a77cfcfd3e47c2a354b01111771326f8aa26e0254"
            ],
            "index": "pypi",
            "markers": "python_version >= '2.7' and python_version not in '3.0, 3.1, 3.2, 3.3'",
            "version": "==1.16.0"
        },
        "sniffio": {
            "hashes": [
                "sha256:2f6da418d1f1e0fddd844478f41680e794e6051915791a034ff65e5f100525a2",
                "sha256:f4324edc670a0f49750a81b895f35c3adb843cca46f0530f79fc1babb23789dc"
            ],
            "markers": "python_version >= '3.7'",
            "version": "==1.3.1"
        },
        "sqlparse": {
            "hashes": [
                "sha256:5430a4fe2ac7d0f93e66f1efc6e1338a41884b7ddf2a350cedd20ccc4d9d28f3",
                "sha256:d446183e84b8349fa3061f0fe7f06ca94ba65b426946ffebe6e3e8295332420c"
            ],
            "index": "pypi",
            "markers": "python_version >= '3.5'",
            "version": "==0.4.4"
        },
        "tqdm": {
            "hashes": [
                "sha256:90279a3770753eafc9194a0364852159802111925aa30eb3f9d85b0e805ac7cd",
                "sha256:e1020aef2e5096702d8a025ac7d16b1577279c9d63f8375b63083e9a5f0fcbad"
            ],
            "markers": "python_version >= '3.7'",
            "version": "==4.66.5"
        },
        "typing-extensions": {
            "hashes": [
                "sha256:04e5ca0351e0f3f85c6853954072df659d0d13fac324d0072316b67d7794700d",
                "sha256:1a7ead55c7e559dd4dee8856e3a88b41225abfe1ce8df57b7c13915fe121ffb8"
            ],
            "markers": "python_version >= '3.8'",
            "version": "==4.12.2"
        },
        "tzdata": {
            "hashes": [
                "sha256:11ef1e08e54acb0d4f95bdb1be05da659673de4acbd21bf9c69e94cc5e907a3a",
                "sha256:7e65763eef3120314099b6939b5546db7adce1e7d6f2e179e3df563c70511eda"
            ],
            "index": "pypi",
            "markers": "python_version >= '2'",
            "version": "==2023.3"
        },
        "uritemplate": {
            "hashes": [
                "sha256:4346edfc5c3b79f694bccd6d6099a322bbeb628dbf2cd86eea55a456ce5124f0",
                "sha256:830c08b8d99bdd312ea4ead05994a38e8936266f84b9a7878232db50b044e02e"
            ],
            "index": "pypi",
            "markers": "python_version >= '3.6'",
            "version": "==4.1.1"
        },
        "urllib3": {
            "hashes": [
                "sha256:8d36afa7616d8ab714608411b4a3b13e58f463aee519024578e062e141dce20f",
                "sha256:8f135f6502756bde6b2a9b28989df5fbe87c9970cecaa69041edcce7f0589b14"
            ],
            "index": "pypi",
            "markers": "python_version >= '2.7' and python_version not in '3.0, 3.1, 3.2, 3.3, 3.4, 3.5'",
            "version": "==1.26.16"
        }
    },
    "develop": {}
}
